<?xml version="1.0" encoding="utf-8"?>
<Project ToolsVersion="4.0" xmlns="http://schemas.microsoft.com/developer/msbuild/2003">
  <ItemGroup>
    <Filter Include="Source Files">
      <UniqueIdentifier>{4FC737F1-C7A5-4376-A066-2A32D752A2FF}</UniqueIdentifier>
      <Extensions>cpp;c;cc;cxx;c++;cppm;ixx;def;odl;idl;hpj;bat;asm;asmx</Extensions>
    </Filter>
    <Filter Include="Header Files">
      <UniqueIdentifier>{93995380-89BD-4b04-88EB-625FBE52EBFB}</UniqueIdentifier>
      <Extensions>h;hh;hpp;hxx;h++;hm;inl;inc;ipp;xsd</Extensions>
    </Filter>
    <Filter Include="Resource Files">
      <UniqueIdentifier>{67DA6AB6-F800-4c08-8B7A-83BB121AAD01}</UniqueIdentifier>
      <Extensions>rc;ico;cur;bmp;dlg;rc2;rct;bin;rgs;gif;jpg;jpeg;jpe;resx;tiff;tif;png;wav;mfcribbon-ms</Extensions>
    </Filter>
    <Filter Include="Source Files\Silo">
      <UniqueIdentifier>{5149fbbe-4722-4ef8-980e-1f40915b3741}</UniqueIdentifier>
    </Filter>
    <Filter Include="Source Files\Grain">
      <UniqueIdentifier>{d8aceb1a-c829-41b8-a9dc-67aa9a58e281}</UniqueIdentifier>
    </Filter>
    <Filter Include="Header Files\Grain">
      <UniqueIdentifier>{8a341df6-365b-4ca9-8784-992f13e1f5cf}</UniqueIdentifier>
    </Filter>
    <Filter Include="Header Files\Silo">
      <UniqueIdentifier>{b1712db1-d543-4e64-b1b6-bb891fca0aff}</UniqueIdentifier>
    </Filter>
    <Filter Include="Header Files\Interface">
      <UniqueIdentifier>{dd004a43-b9d7-4ea6-86a5-056b092248d6}</UniqueIdentifier>
    </Filter>
  </ItemGroup>
  <ItemGroup>
    <None Include="readme.md" />
  </ItemGroup>
  <ItemGroup>
    <ClInclude Include="public\ChatRoomSession.h">
      <Filter>Header Files</Filter>
    </ClInclude>
    <ClInclude Include="public\Client.h">
      <Filter>Header Files</Filter>
    </ClInclude>
    <ClInclude Include="public\OverlappedExpansion.h">
      <Filter>Header Files</Filter>
    </ClInclude>
    <ClInclude Include="public\stdafx.h">
      <Filter>Header Files</Filter>
    </ClInclude>
    <ClInclude Include="public\Grain\ChatRoomWorkerGrain.h">
      <Filter>Header Files\Grain</Filter>
    </ClInclude>
    <ClInclude Include="public\Grain\ClientWorkerGrain.h">
      <Filter>Header Files\Grain</Filter>
    </ClInclude>
    <ClInclude Include="public\Grain\DataBaseWorkerGrain.h">
      <Filter>Header Files\Grain</Filter>
    </ClInclude>
    <ClInclude Include="public\Grain\NetworkManagerGrain.h">
      <Filter>Header Files\Grain</Filter>
    </ClInclude>
    <ClInclude Include="public\Grain\NetworkWorkerGrain.h">
      <Filter>Header Files\Grain</Filter>
    </ClInclude>
    <ClInclude Include="public\Silo\GameServerSilo.h">
      <Filter>Header Files\Silo</Filter>
    </ClInclude>
    <ClInclude Include="public\Interface\IGrain.h">
      <Filter>Header Files\Interface</Filter>
    </ClInclude>
  </ItemGroup>
  <ItemGroup>
    <ClCompile Include="private\ChatRoomSession.cpp">
      <Filter>Source Files</Filter>
    </ClCompile>
    <ClCompile Include="private\Client.cpp">
      <Filter>Source Files</Filter>
    </ClCompile>
    <ClCompile Include="private\OverlappedExpansion.cpp">
      <Filter>Source Files</Filter>
    </ClCompile>
    <ClCompile Include="Main.cpp">
      <Filter>Source Files</Filter>
    </ClCompile>
    <ClCompile Include="private\Grain\ChatRoomWorkerGrain.cpp">
      <Filter>Source Files\Grain</Filter>
    </ClCompile>
    <ClCompile Include="private\Grain\ClientWorkerGrain.cpp">
      <Filter>Source Files\Grain</Filter>
    </ClCompile>
    <ClCompile Include="private\Grain\DataBaseWorkerGrain.cpp">
      <Filter>Source Files\Grain</Filter>
    </ClCompile>
    <ClCompile Include="private\Grain\NetworkManagerGrain.cpp">
      <Filter>Source Files\Grain</Filter>
    </ClCompile>
    <ClCompile Include="private\Grain\NetworkWorkerGrain.cpp">
      <Filter>Source Files\Grain</Filter>
    </ClCompile>
    <ClCompile Include="private\Silo\GameServerSilo.cpp">
      <Filter>Source Files\Silo</Filter>
    </ClCompile>
  </ItemGroup>
</Project>